{
  "name": "dependency-visualization",
  "version": "1.0.0",
  "lockfileVersion": 1,
  "requires": true,
  "dependencies": {
    "await-exec": {
      "version": "0.1.1",
      "resolved": "https://registry.npmjs.org/await-exec/-/await-exec-0.1.1.tgz",
      "integrity": "sha512-Fc+PDVeNH3jWWdl+VsXyrxOWT++isidJEPo3B95bCDZS6c+3KZonEWoFDviNpECJxRp9R0wjSMQkH6UECXKUkA=="
    }
  }
}
